
Microsoft Visual Studio Solution File, Format Version 12.00
# Visual Studio 15
VisualStudioVersion = 15.0.27703.2018
MinimumVisualStudioVersion = 10.0.40219.1
Project("{FAE04EC0-301F-11D3-BF4B-00C04F79EFBC}") = "DigitalCity.Android", "DigitalCity\DigitalCity.Android\DigitalCity.Android.csproj", "{88C9BB35-384C-48AA-9440-C976E273CA61}"
EndProject
Project("{FAE04EC0-301F-11D3-BF4B-00C04F79EFBC}") = "DigitalCity.iOS", "DigitalCity\DigitalCity.iOS\DigitalCity.iOS.csproj", "{2208FEB8-B8ED-4DCC-AA19-33B80312B747}"
EndProject
Project("{FAE04EC0-301F-11D3-BF4B-00C04F79EFBC}") = "DigitalCity", "DigitalCity\DigitalCity\DigitalCity.csproj", "{6805F1B2-ED85-461C-8368-130010C4AD2E}"
EndProject
Global
	GlobalSection(SolutionConfigurationPlatforms) = preSolution
		Ad-Hoc|Any CPU = Ad-Hoc|Any CPU
		Ad-Hoc|iPhone = Ad-Hoc|iPhone
		Ad-Hoc|iPhoneSimulator = Ad-Hoc|iPhoneSimulator
		AppStore|Any CPU = AppStore|Any CPU
		AppStore|iPhone = AppStore|iPhone
		AppStore|iPhoneSimulator = AppStore|iPhoneSimulator
		Debug|Any CPU = Debug|Any CPU
		Debug|iPhone = Debug|iPhone
		Debug|iPhoneSimulator = Debug|iPhoneSimulator
		Release|Any CPU = Release|Any CPU
		Release|iPhone = Release|iPhone
		Release|iPhoneSimulator = Release|iPhoneSimulator
	EndGlobalSection
	GlobalSection(ProjectConfigurationPlatforms) = postSolution
		{88C9BB35-384C-48AA-9440-C976E273CA61}.Ad-Hoc|Any CPU.ActiveCfg = Release|Any CPU
		{88C9BB35-384C-48AA-9440-C976E273CA61}.Ad-Hoc|Any CPU.Build.0 = Release|Any CPU
		{88C9BB35-384C-48AA-9440-C976E273CA61}.Ad-Hoc|Any CPU.Deploy.0 = Release|Any CPU
		{88C9BB35-384C-48AA-9440-C976E273CA61}.Ad-Hoc|iPhone.ActiveCfg = Release|Any CPU
		{88C9BB35-384C-48AA-9440-C976E273CA61}.Ad-Hoc|iPhone.Build.0 = Release|Any CPU
		{88C9BB35-384C-48AA-9440-C976E273CA61}.Ad-Hoc|iPhone.Deploy.0 = Release|Any CPU
		{88C9BB35-384C-48AA-9440-C976E273CA61}.Ad-Hoc|iPhoneSimulator.ActiveCfg = Release|Any CPU
		{88C9BB35-384C-48AA-9440-C976E273CA61}.Ad-Hoc|iPhoneSimulator.Build.0 = Release|Any CPU
		{88C9BB35-384C-48AA-9440-C976E273CA61}.Ad-Hoc|iPhoneSimulator.Deploy.0 = Release|Any CPU
		{88C9BB35-384C-48AA-9440-C976E273CA61}.AppStore|Any CPU.ActiveCfg = Release|Any CPU
		{88C9BB35-384C-48AA-9440-C976E273CA61}.AppStore|Any CPU.Build.0 = Release|Any CPU
		{88C9BB35-384C-48AA-9440-C976E273CA61}.AppStore|Any CPU.Deploy.0 = Release|Any CPU
		{88C9BB35-384C-48AA-9440-C976E273CA61}.AppStore|iPhone.ActiveCfg = Release|Any CPU
		{88C9BB35-384C-48AA-9440-C976E273CA61}.AppStore|iPhone.Build.0 = Release|Any CPU
		{88C9BB35-384C-48AA-9440-C976E273CA61}.AppStore|iPhone.Deploy.0 = Release|Any CPU
		{88C9BB35-384C-48AA-9440-C976E273CA61}.AppStore|iPhoneSimulator.ActiveCfg = Release|Any CPU
		{88C9BB35-384C-48AA-9440-C976E273CA61}.AppStore|iPhoneSimulator.Build.0 = Release|Any CPU
		{88C9BB35-384C-48AA-9440-C976E273CA61}.AppStore|iPhoneSimulator.Deploy.0 = Release|Any CPU
		{88C9BB35-384C-48AA-9440-C976E273CA61}.Debug|Any CPU.ActiveCfg = Debug|Any CPU
		{88C9BB35-384C-48AA-9440-C976E273CA61}.Debug|Any CPU.Build.0 = Debug|Any CPU
		{88C9BB35-384C-48AA-9440-C976E273CA61}.Debug|Any CPU.Deploy.0 = Debug|Any CPU
		{88C9BB35-384C-48AA-9440-C976E273CA61}.Debug|iPhone.ActiveCfg = Debug|Any CPU
		{88C9BB35-384C-48AA-9440-C976E273CA61}.Debug|iPhone.Build.0 = Debug|Any CPU
		{88C9BB35-384C-48AA-9440-C976E273CA61}.Debug|iPhone.Deploy.0 = Debug|Any CPU
		{88C9BB35-384C-48AA-9440-C976E273CA61}.Debug|iPhoneSimulator.ActiveCfg = Debug|Any CPU
		{88C9BB35-384C-48AA-9440-C976E273CA61}.Debug|iPhoneSimulator.Build.0 = Debug|Any CPU
		{88C9BB35-384C-48AA-9440-C976E273CA61}.Debug|iPhoneSimulator.Deploy.0 = Debug|Any CPU
		{88C9BB35-384C-48AA-9440-C976E273CA61}.Release|Any CPU.ActiveCfg = Release|Any CPU
		{88C9BB35-384C-48AA-9440-C976E273CA61}.Release|Any CPU.Build.0 = Release|Any CPU
		{88C9BB35-384C-48AA-9440-C976E273CA61}.Release|Any CPU.Deploy.0 = Release|Any CPU
		{88C9BB35-384C-48AA-9440-C976E273CA61}.Release|iPhone.ActiveCfg = Release|Any CPU
		{88C9BB35-384C-48AA-9440-C976E273CA61}.Release|iPhone.Build.0 = Release|Any CPU
		{88C9BB35-384C-48AA-9440-C976E273CA61}.Release|iPhone.Deploy.0 = Release|Any CPU
		{88C9BB35-384C-48AA-9440-C976E273CA61}.Release|iPhoneSimulator.ActiveCfg = Release|Any CPU
		{88C9BB35-384C-48AA-9440-C976E273CA61}.Release|iPhoneSimulator.Build.0 = Release|Any CPU
		{88C9BB35-384C-48AA-9440-C976E273CA61}.Release|iPhoneSimulator.Deploy.0 = Release|Any CPU
		{2208FEB8-B8ED-4DCC-AA19-33B80312B747}.Ad-Hoc|Any CPU.ActiveCfg = Ad-Hoc|iPhone
		{2208FEB8-B8ED-4DCC-AA19-33B80312B747}.Ad-Hoc|Any CPU.Build.0 = Ad-Hoc|iPhone
		{2208FEB8-B8ED-4DCC-AA19-33B80312B747}.Ad-Hoc|Any CPU.Deploy.0 = Ad-Hoc|iPhone
		{2208FEB8-B8ED-4DCC-AA19-33B80312B747}.Ad-Hoc|iPhone.ActiveCfg = Ad-Hoc|iPhone
		{2208FEB8-B8ED-4DCC-AA19-33B80312B747}.Ad-Hoc|iPhone.Build.0 = Ad-Hoc|iPhone
		{2208FEB8-B8ED-4DCC-AA19-33B80312B747}.Ad-Hoc|iPhone.Deploy.0 = Ad-Hoc|iPhone
		{2208FEB8-B8ED-4DCC-AA19-33B80312B747}.Ad-Hoc|iPhoneSimulator.ActiveCfg = Ad-Hoc|iPhoneSimulator
		{2208FEB8-B8ED-4DCC-AA19-33B80312B747}.Ad-Hoc|iPhoneSimulator.Build.0 = Ad-Hoc|iPhoneSimulator
		{2208FEB8-B8ED-4DCC-AA19-33B80312B747}.Ad-Hoc|iPhoneSimulator.Deploy.0 = Ad-Hoc|iPhoneSimulator
		{2208FEB8-B8ED-4DCC-AA19-33B80312B747}.AppStore|Any CPU.ActiveCfg = AppStore|iPhone
		{2208FEB8-B8ED-4DCC-AA19-33B80312B747}.AppStore|Any CPU.Build.0 = AppStore|iPhone
		{2208FEB8-B8ED-4DCC-AA19-33B80312B747}.AppStore|Any CPU.Deploy.0 = AppStore|iPhone
		{2208FEB8-B8ED-4DCC-AA19-33B80312B747}.AppStore|iPhone.ActiveCfg = AppStore|iPhone
		{2208FEB8-B8ED-4DCC-AA19-33B80312B747}.AppStore|iPhone.Build.0 = AppStore|iPhone
		{2208FEB8-B8ED-4DCC-AA19-33B80312B747}.AppStore|iPhone.Deploy.0 = AppStore|iPhone
		{2208FEB8-B8ED-4DCC-AA19-33B80312B747}.AppStore|iPhoneSimulator.ActiveCfg = AppStore|iPhoneSimulator
		{2208FEB8-B8ED-4DCC-AA19-33B80312B747}.AppStore|iPhoneSimulator.Build.0 = AppStore|iPhoneSimulator
		{2208FEB8-B8ED-4DCC-AA19-33B80312B747}.AppStore|iPhoneSimulator.Deploy.0 = AppStore|iPhoneSimulator
		{2208FEB8-B8ED-4DCC-AA19-33B80312B747}.Debug|Any CPU.ActiveCfg = Debug|iPhoneSimulator
		{2208FEB8-B8ED-4DCC-AA19-33B80312B747}.Debug|Any CPU.Build.0 = Debug|iPhoneSimulator
		{2208FEB8-B8ED-4DCC-AA19-33B80312B747}.Debug|Any CPU.Deploy.0 = Debug|iPhoneSimulator
		{2208FEB8-B8ED-4DCC-AA19-33B80312B747}.Debug|iPhone.ActiveCfg = Debug|iPhone
		{2208FEB8-B8ED-4DCC-AA19-33B80312B747}.Debug|iPhone.Build.0 = Debug|iPhone
		{2208FEB8-B8ED-4DCC-AA19-33B80312B747}.Debug|iPhone.Deploy.0 = Debug|iPhone
		{2208FEB8-B8ED-4DCC-AA19-33B80312B747}.Debug|iPhoneSimulator.ActiveCfg = Debug|iPhoneSimulator
		{2208FEB8-B8ED-4DCC-AA19-33B80312B747}.Debug|iPhoneSimulator.Build.0 = Debug|iPhoneSimulator
		{2208FEB8-B8ED-4DCC-AA19-33B80312B747}.Debug|iPhoneSimulator.Deploy.0 = Debug|iPhoneSimulator
		{2208FEB8-B8ED-4DCC-AA19-33B80312B747}.Release|Any CPU.ActiveCfg = Release|iPhone
		{2208FEB8-B8ED-4DCC-AA19-33B80312B747}.Release|Any CPU.Build.0 = Release|iPhone
		{2208FEB8-B8ED-4DCC-AA19-33B80312B747}.Release|Any CPU.Deploy.0 = Release|iPhone
		{2208FEB8-B8ED-4DCC-AA19-33B80312B747}.Release|iPhone.ActiveCfg = Release|iPhone
		{2208FEB8-B8ED-4DCC-AA19-33B80312B747}.Release|iPhone.Build.0 = Release|iPhone
		{2208FEB8-B8ED-4DCC-AA19-33B80312B747}.Release|iPhone.Deploy.0 = Release|iPhone
		{2208FEB8-B8ED-4DCC-AA19-33B80312B747}.Release|iPhoneSimulator.ActiveCfg = Release|iPhoneSimulator
		{2208FEB8-B8ED-4DCC-AA19-33B80312B747}.Release|iPhoneSimulator.Build.0 = Release|iPhoneSimulator
		{2208FEB8-B8ED-4DCC-AA19-33B80312B747}.Release|iPhoneSimulator.Deploy.0 = Release|iPhoneSimulator
		{6805F1B2-ED85-461C-8368-130010C4AD2E}.Ad-Hoc|Any CPU.ActiveCfg = Debug|Any CPU
		{6805F1B2-ED85-461C-8368-130010C4AD2E}.Ad-Hoc|Any CPU.Build.0 = Debug|Any CPU
		{6805F1B2-ED85-461C-8368-130010C4AD2E}.Ad-Hoc|Any CPU.Deploy.0 = Debug|Any CPU
		{6805F1B2-ED85-461C-8368-130010C4AD2E}.Ad-Hoc|iPhone.ActiveCfg = Debug|Any CPU
		{6805F1B2-ED85-461C-8368-130010C4AD2E}.Ad-Hoc|iPhone.Build.0 = Debug|Any CPU
		{6805F1B2-ED85-461C-8368-130010C4AD2E}.Ad-Hoc|iPhone.Deploy.0 = Debug|Any CPU
		{6805F1B2-ED85-461C-8368-130010C4AD2E}.Ad-Hoc|iPhoneSimulator.ActiveCfg = Debug|Any CPU
		{6805F1B2-ED85-461C-8368-130010C4AD2E}.Ad-Hoc|iPhoneSimulator.Build.0 = Debug|Any CPU
		{6805F1B2-ED85-461C-8368-130010C4AD2E}.Ad-Hoc|iPhoneSimulator.Deploy.0 = Debug|Any CPU
		{6805F1B2-ED85-461C-8368-130010C4AD2E}.AppStore|Any CPU.ActiveCfg = Debug|Any CPU
		{6805F1B2-ED85-461C-8368-130010C4AD2E}.AppStore|Any CPU.Build.0 = Debug|Any CPU
		{6805F1B2-ED85-461C-8368-130010C4AD2E}.AppStore|Any CPU.Deploy.0 = Debug|Any CPU
		{6805F1B2-ED85-461C-8368-130010C4AD2E}.AppStore|iPhone.ActiveCfg = Debug|Any CPU
		{6805F1B2-ED85-461C-8368-130010C4AD2E}.AppStore|iPhone.Build.0 = Debug|Any CPU
		{6805F1B2-ED85-461C-8368-130010C4AD2E}.AppStore|iPhone.Deploy.0 = Debug|Any CPU
		{6805F1B2-ED85-461C-8368-130010C4AD2E}.AppStore|iPhoneSimulator.ActiveCfg = Debug|Any CPU
		{6805F1B2-ED85-461C-8368-130010C4AD2E}.AppStore|iPhoneSimulator.Build.0 = Debug|Any CPU
		{6805F1B2-ED85-461C-8368-130010C4AD2E}.AppStore|iPhoneSimulator.Deploy.0 = Debug|Any CPU
		{6805F1B2-ED85-461C-8368-130010C4AD2E}.Debug|Any CPU.ActiveCfg = Debug|Any CPU
		{6805F1B2-ED85-461C-8368-130010C4AD2E}.Debug|Any CPU.Build.0 = Debug|Any CPU
		{6805F1B2-ED85-461C-8368-130010C4AD2E}.Debug|Any CPU.Deploy.0 = Debug|Any CPU
		{6805F1B2-ED85-461C-8368-130010C4AD2E}.Debug|iPhone.ActiveCfg = Debug|Any CPU
		{6805F1B2-ED85-461C-8368-130010C4AD2E}.Debug|iPhone.Build.0 = Debug|Any CPU
		{6805F1B2-ED85-461C-8368-130010C4AD2E}.Debug|iPhone.Deploy.0 = Debug|Any CPU
		{6805F1B2-ED85-461C-8368-130010C4AD2E}.Debug|iPhoneSimulator.ActiveCfg = Debug|Any CPU
		{6805F1B2-ED85-461C-8368-130010C4AD2E}.Debug|iPhoneSimulator.Build.0 = Debug|Any CPU
		{6805F1B2-ED85-461C-8368-130010C4AD2E}.Debug|iPhoneSimulator.Deploy.0 = Debug|Any CPU
		{6805F1B2-ED85-461C-8368-130010C4AD2E}.Release|Any CPU.ActiveCfg = Release|Any CPU
		{6805F1B2-ED85-461C-8368-130010C4AD2E}.Release|Any CPU.Build.0 = Release|Any CPU
		{6805F1B2-ED85-461C-8368-130010C4AD2E}.Release|Any CPU.Deploy.0 = Release|Any CPU
		{6805F1B2-ED85-461C-8368-130010C4AD2E}.Release|iPhone.ActiveCfg = Release|Any CPU
		{6805F1B2-ED85-461C-8368-130010C4AD2E}.Release|iPhone.Build.0 = Release|Any CPU
		{6805F1B2-ED85-461C-8368-130010C4AD2E}.Release|iPhone.Deploy.0 = Release|Any CPU
		{6805F1B2-ED85-461C-8368-130010C4AD2E}.Release|iPhoneSimulator.ActiveCfg = Release|Any CPU
		{6805F1B2-ED85-461C-8368-130010C4AD2E}.Release|iPhoneSimulator.Build.0 = Release|Any CPU
		{6805F1B2-ED85-461C-8368-130010C4AD2E}.Release|iPhoneSimulator.Deploy.0 = Release|Any CPU
	EndGlobalSection
	GlobalSection(SolutionProperties) = preSolution
		HideSolutionNode = FALSE
	EndGlobalSection
	GlobalSection(ExtensibilityGlobals) = postSolution
		SolutionGuid = {25908072-DC93-44CA-98EE-80B763EB7DBD}
	EndGlobalSection
EndGlobal
